// !$*UTF8*$!
{
	archiveVersion = 1;
	classes = {
	};
	objectVersion = 77;
	objects = {

/* Begin PBXContainerItemProxy section */
		9EDC35EA2DA6FC6A008E97EF /* PBXContainerItemProxy */ = {
			isa = PBXContainerItemProxy;
			containerPortal = 9EDC35D12DA6FC59008E97EF /* Project object */;
			proxyType = 1;
			remoteGlobalIDString = 9EDC35D82DA6FC59008E97EF;
			remoteInfo = TubeScoutDemo;
		};
		9EDC35F42DA6FC6A008E97EF /* PBXContainerItemProxy */ = {
			isa = PBXContainerItemProxy;
			containerPortal = 9EDC35D12DA6FC59008E97EF /* Project object */;
			proxyType = 1;
			remoteGlobalIDString = 9EDC35D82DA6FC59008E97EF;
			remoteInfo = TubeScoutDemo;
		};
/* End PBXContainerItemProxy section */

/* Begin PBXFileReference section */
		9EDC35D92DA6FC59008E97EF /* TubeScoutDemo.app */ = {isa = PBXFileReference; explicitFileType = wrapper.application; includeInIndex = 0; path = TubeScoutDemo.app; sourceTree = BUILT_PRODUCTS_DIR; };
		9EDC35E92DA6FC6A008E97EF /* TubeScoutDemoTests.xctest */ = {isa = PBXFileReference; explicitFileType = wrapper.cfbundle; includeInIndex = 0; path = TubeScoutDemoTests.xctest; sourceTree = BUILT_PRODUCTS_DIR; };
		9EDC35F32DA6FC6A008E97EF /* TubeScoutDemoUITests.xctest */ = {isa = PBXFileReference; explicitFileType = wrapper.cfbundle; includeInIndex = 0; path = TubeScoutDemoUITests.xctest; sourceTree = BUILT_PRODUCTS_DIR; };
/* End PBXFileReference section */

/* Begin PBXFileSystemSynchronizedRootGroup section */
		9EDC35DB2DA6FC59008E97EF /* TubeScoutDemo */ = {
			isa = PBXFileSystemSynchronizedRootGroup;
			path = TubeScoutDemo;
			sourceTree = "<group>";
		};
		9EDC35EC2DA6FC6A008E97EF /* TubeScoutDemoTests */ = {
			isa = PBXFileSystemSynchronizedRootGroup;
			path = TubeScoutDemoTests;
			sourceTree = "<group>";
		};
		9EDC35F62DA6FC6A008E97EF /* TubeScoutDemoUITests */ = {
			isa = PBXFileSystemSynchronizedRootGroup;
			path = TubeScoutDemoUITests;
			sourceTree = "<group>";
		};
/* End PBXFileSystemSynchronizedRootGroup section */

/* Begin PBXFrameworksBuildPhase section */
		9EDC35D62DA6FC59008E97EF /* Frameworks */ = {
			isa = PBXFrameworksBuildPhase;
			buildActionMask = 2147483647;
			files = (
			);
			runOnlyForDeploymentPostprocessing = 0;
		};
		9EDC35E62DA6FC6A008E97EF /* Frameworks */ = {
			isa = PBXFrameworksBuildPhase;
			buildActionMask = 2147483647;
			files = (
			);
			runOnlyForDeploymentPostprocessing = 0;
		};
		9EDC35F02DA6FC6A008E97EF /* Frameworks */ = {
			isa = PBXFrameworksBuildPhase;
			buildActionMask = 2147483647;
			files = (
			);
			runOnlyForDeploymentPostprocessing = 0;
		};
/* End PBXFrameworksBuildPhase section */

/* Begin PBXGroup section */
		9EDC35D02DA6FC59008E97EF = {
			isa = PBXGroup;
			children = (
				9EDC35DB2DA6FC59008E97EF /* TubeScoutDemo */,
				9EDC35EC2DA6FC6A008E97EF /* TubeScoutDemoTests */,
				9EDC35F62DA6FC6A008E97EF /* TubeScoutDemoUITests */,
				9EDC35DA2DA6FC59008E97EF /* Products */,
			);
			sourceTree = "<group>";
		};
		9EDC35DA2DA6FC59008E97EF /* Products */ = {
			isa = PBXGroup;
			children = (
				9EDC35D92DA6FC59008E97EF /* TubeScoutDemo.app */,
				9EDC35E92DA6FC6A008E97EF /* TubeScoutDemoTests.xctest */,
				9EDC35F32DA6FC6A008E97EF /* TubeScoutDemoUITests.xctest */,
			);
			name = Products;
			sourceTree = "<group>";
		};
/* End PBXGroup section */

/* Begin PBXNativeTarget section */
		9EDC35D82DA6FC59008E97EF /* TubeScoutDemo */ = {
			isa = PBXNativeTarget;
			buildConfigurationList = 9EDC35FD2DA6FC6A008E97EF /* Build configuration list for PBXNativeTarget "TubeScoutDemo" */;
			buildPhases = (
				9EDC35D52DA6FC59008E97EF /* Sources */,
				9EDC35D62DA6FC59008E97EF /* Frameworks */,
				9EDC35D72DA6FC59008E97EF /* Resources */,
			);
			buildRules = (
			);
			dependencies = (
			);
			fileSystemSynchronizedGroups = (
				9EDC35DB2DA6FC59008E97EF /* TubeScoutDemo */,
			);
			name = TubeScoutDemo;
			packageProductDependencies = (
			);
			productName = TubeScoutDemo;
			productReference = 9EDC35D92DA6FC59008E97EF /* TubeScoutDemo.app */;
			productType = "com.apple.product-type.application";
		};
		9EDC35E82DA6FC6A008E97EF /* TubeScoutDemoTests */ = {
			isa = PBXNativeTarget;
			buildConfigurationList = 9EDC36002DA6FC6A008E97EF /* Build configuration list for PBXNativeTarget "TubeScoutDemoTests" */;
			buildPhases = (
				9EDC35E52DA6FC6A008E97EF /* Sources */,
				9EDC35E62DA6FC6A008E97EF /* Frameworks */,
				9EDC35E72DA6FC6A008E97EF /* Resources */,
			);
			buildRules = (
			);
			dependencies = (
				9EDC35EB2DA6FC6A008E97EF /* PBXTargetDependency */,
			);
			fileSystemSynchronizedGroups = (
				9EDC35EC2DA6FC6A008E97EF /* TubeScoutDemoTests */,
			);
			name = TubeScoutDemoTests;
			packageProductDependencies = (
			);
			productName = TubeScoutDemoTests;
			productReference = 9EDC35E92DA6FC6A008E97EF /* TubeScoutDemoTests.xctest */;
			productType = "com.apple.product-type.bundle.unit-test";
		};
		9EDC35F22DA6FC6A008E97EF /* TubeScoutDemoUITests */ = {
			isa = PBXNativeTarget;
			buildConfigurationList = 9EDC36032DA6FC6A008E97EF /* Build configuration list for PBXNativeTarget "TubeScoutDemoUITests" */;
			buildPhases = (
				9EDC35EF2DA6FC6A008E97EF /* Sources */,
				9EDC35F02DA6FC6A008E97EF /* Frameworks */,
				9EDC35F12DA6FC6A008E97EF /* Resources */,
			);
			buildRules = (
			);
			dependencies = (
				9EDC35F52DA6FC6A008E97EF /* PBXTargetDependency */,
			);
			fileSystemSynchronizedGroups = (
				9EDC35F62DA6FC6A008E97EF /* TubeScoutDemoUITests */,
			);
			name = TubeScoutDemoUITests;
			packageProductDependencies = (
			);
			productName = TubeScoutDemoUITests;
			productReference = 9EDC35F32DA6FC6A008E97EF /* TubeScoutDemoUITests.xctest */;
			productType = "com.apple.product-type.bundle.ui-testing";
		};
/* End PBXNativeTarget section */

/* Begin PBXProject section */
		9EDC35D12DA6FC59008E97EF /* Project object */ = {
			isa = PBXProject;
			attributes = {
				BuildIndependentTargetsInParallel = 1;
				LastSwiftUpdateCheck = 1620;
				LastUpgradeCheck = 1620;
				TargetAttributes = {
					9EDC35D82DA6FC59008E97EF = {
						CreatedOnToolsVersion = 16.2;
					};
					9EDC35E82DA6FC6A008E97EF = {
						CreatedOnToolsVersion = 16.2;
						TestTargetID = 9EDC35D82DA6FC59008E97EF;
					};
					9EDC35F22DA6FC6A008E97EF = {
						CreatedOnToolsVersion = 16.2;
						TestTargetID = 9EDC35D82DA6FC59008E97EF;
					};
				};
			};
			buildConfigurationList = 9EDC35D42DA6FC59008E97EF /* Build configuration list for PBXProject "TubeScoutDemo" */;
			developmentRegion = en;
			hasScannedForEncodings = 0;
			knownRegions = (
				en,
				Base,
			);
			mainGroup = 9EDC35D02DA6FC59008E97EF;
			minimizedProjectReferenceProxies = 1;
			preferredProjectObjectVersion = 77;
			productRefGroup = 9EDC35DA2DA6FC59008E97EF /* Products */;
			projectDirPath = "";
			projectRoot = "";
			targets = (
				9EDC35D82DA6FC59008E97EF /* TubeScoutDemo */,
				9EDC35E82DA6FC6A008E97EF /* TubeScoutDemoTests */,
				9EDC35F22DA6FC6A008E97EF /* TubeScoutDemoUITests */,
			);
		};
/* End PBXProject section */

/* Begin PBXResourcesBuildPhase section */
		9EDC35D72DA6FC59008E97EF /* Resources */ = {
			isa = PBXResourcesBuildPhase;
			buildActionMask = 2147483647;
			files = (
			);
			runOnlyForDeploymentPostprocessing = 0;
		};
		9EDC35E72DA6FC6A008E97EF /* Resources */ = {
			isa = PBXResourcesBuildPhase;
			buildActionMask = 2147483647;
			files = (
			);
			runOnlyForDeploymentPostprocessing = 0;
		};
		9EDC35F12DA6FC6A008E97EF /* Resources */ = {
			isa = PBXResourcesBuildPhase;
			buildActionMask = 2147483647;
			files = (
			);
			runOnlyForDeploymentPostprocessing = 0;
		};
/* End PBXResourcesBuildPhase section */

/* Begin PBXSourcesBuildPhase section */
		9EDC35D52DA6FC59008E97EF /* Sources */ = {
			isa = PBXSourcesBuildPhase;
			buildActionMask = 2147483647;
			files = (
			);
			runOnlyForDeploymentPostprocessing = 0;
		};
		9EDC35E52DA6FC6A008E97EF /* Sources */ = {
			isa = PBXSourcesBuildPhase;
			buildActionMask = 2147483647;
			files = (
			);
			runOnlyForDeploymentPostprocessing = 0;
		};
		9EDC35EF2DA6FC6A008E97EF /* Sources */ = {
			isa = PBXSourcesBuildPhase;
			buildActionMask = 2147483647;
			files = (
			);
			runOnlyForDeploymentPostprocessing = 0;
		};
/* End PBXSourcesBuildPhase section */

/* Begin PBXTargetDependency section */
		9EDC35EB2DA6FC6A008E97EF /* PBXTargetDependency */ = {
			isa = PBXTargetDependency;
			target = 9EDC35D82DA6FC59008E97EF /* TubeScoutDemo */;
			targetProxy = 9EDC35EA2DA6FC6A008E97EF /* PBXContainerItemProxy */;
		};
		9EDC35F52DA6FC6A008E97EF /* PBXTargetDependency */ = {
			isa = PBXTargetDependency;
			target = 9EDC35D82DA6FC59008E97EF /* TubeScoutDemo */;
			targetProxy = 9EDC35F42DA6FC6A008E97EF /* PBXContainerItemProxy */;
		};
/* End PBXTargetDependency section */

/* Begin XCBuildConfiguration section */
		9EDC35FB2DA6FC6A008E97EF /* Debug */ = {
			isa = XCBuildConfiguration;
			buildSettings = {
				ALWAYS_SEARCH_USER_PATHS = NO;
				ASSETCATALOG_COMPILER_GENERATE_SWIFT_ASSET_SYMBOL_EXTENSIONS = YES;
				CLANG_ANALYZER_NONNULL = YES;
				CLANG_ANALYZER_NUMBER_OBJECT_CONVERSION = YES_AGGRESSIVE;
				CLANG_CXX_LANGUAGE_STANDARD = "gnu++20";
				CLANG_ENABLE_MODULES = YES;
				CLANG_ENABLE_OBJC_ARC = YES;
				CLANG_ENABLE_OBJC_WEAK = YES;
				CLANG_WARN_BLOCK_CAPTURE_AUTORELEASING = YES;
				CLANG_WARN_BOOL_CONVERSION = YES;
				CLANG_WARN_COMMA = YES;
				CLANG_WARN_CONSTANT_CONVERSION = YES;
				CLANG_WARN_DEPRECATED_OBJC_IMPLEMENTATIONS = YES;
				CLANG_WARN_DIRECT_OBJC_ISA_USAGE = YES_ERROR;
				CLANG_WARN_DOCUMENTATION_COMMENTS = YES;
				CLANG_WARN_EMPTY_BODY = YES;
				CLANG_WARN_ENUM_CONVERSION = YES;
				CLANG_WARN_INFINITE_RECURSION = YES;
				CLANG_WARN_INT_CONVERSION = YES;
				CLANG_WARN_NON_LITERAL_NULL_CONVERSION = YES;
				CLANG_WARN_OBJC_IMPLICIT_RETAIN_SELF = YES;
				CLANG_WARN_OBJC_LITERAL_CONVERSION = YES;
				CLANG_WARN_OBJC_ROOT_CLASS = YES_ERROR;
				CLANG_WARN_QUOTED_INCLUDE_IN_FRAMEWORK_HEADER = YES;
				CLANG_WARN_RANGE_LOOP_ANALYSIS = YES;
				CLANG_WARN_STRICT_PROTOTYPES = YES;
				CLANG_WARN_SUSPICIOUS_MOVE = YES;
				CLANG_WARN_UNGUARDED_AVAILABILITY = YES_AGGRESSIVE;
				CLANG_WARN_UNREACHABLE_CODE = YES;
				CLANG_WARN__DUPLICATE_METHOD_MATCH = YES;
				COPY_PHASE_STRIP = NO;
				DEBUG_INFORMATION_FORMAT = dwarf;
				ENABLE_STRICT_OBJC_MSGSEND = YES;
				ENABLE_TESTABILITY = YES;
				ENABLE_USER_SCRIPT_SANDBOXING = YES;
				GCC_C_LANGUAGE_STANDARD = gnu17;
				GCC_DYNAMIC_NO_PIC = NO;
				GCC_NO_COMMON_BLOCKS = YES;
				GCC_OPTIMIZATION_LEVEL = 0;
				GCC_PREPROCESSOR_DEFINITIONS = (
					"DEBUG=1",
					"$(inherited)",
				);
				GCC_WARN_64_TO_32_BIT_CONVERSION = YES;
				GCC_WARN_ABOUT_RETURN_TYPE = YES_ERROR;
				GCC_WARN_UNDECLARED_SELECTOR = YES;
				GCC_WARN_UNINITIALIZED_AUTOS = YES_AGGRESSIVE;
				GCC_WARN_UNUSED_FUNCTION = YES;
				GCC_WARN_UNUSED_VARIABLE = YES;
				IPHONEOS_DEPLOYMENT_TARGET = 18.2;
				LOCALIZATION_PREFERS_STRING_CATALOGS = YES;
				MTL_ENABLE_DEBUG_INFO = INCLUDE_SOURCE;
				MTL_FAST_MATH = YES;
				ONLY_ACTIVE_ARCH = YES;
				SDKROOT = iphoneos;
				SWIFT_ACTIVE_COMPILATION_CONDITIONS = "DEBUG $(inherited)";
				SWIFT_OPTIMIZATION_LEVEL = "-Onone";
			};
			name = Debug;
		};
		9EDC35FC2DA6FC6A008E97EF /* Release */ = {
			isa = XCBuildConfiguration;
			buildSettings = {
				ALWAYS_SEARCH_USER_PATHS = NO;
				ASSETCATALOG_COMPILER_GENERATE_SWIFT_ASSET_SYMBOL_EXTENSIONS = YES;
				CLANG_ANALYZER_NONNULL = YES;
				CLANG_ANALYZER_NUMBER_OBJECT_CONVERSION = YES_AGGRESSIVE;
				CLANG_CXX_LANGUAGE_STANDARD = "gnu++20";
				CLANG_ENABLE_MODULES = YES;
				CLANG_ENABLE_OBJC_ARC = YES;
				CLANG_ENABLE_OBJC_WEAK = YES;
				CLANG_WARN_BLOCK_CAPTURE_AUTORELEASING = YES;
				CLANG_WARN_BOOL_CONVERSION = YES;
				CLANG_WARN_COMMA = YES;
				CLANG_WARN_CONSTANT_CONVERSION = YES;
				CLANG_WARN_DEPRECATED_OBJC_IMPLEMENTATIONS = YES;
				CLANG_WARN_DIRECT_OBJC_ISA_USAGE = YES_ERROR;
				CLANG_WARN_DOCUMENTATION_COMMENTS = YES;
				CLANG_WARN_EMPTY_BODY = YES;
				CLANG_WARN_ENUM_CONVERSION = YES;
				CLANG_WARN_INFINITE_RECURSION = YES;
				CLANG_WARN_INT_CONVERSION = YES;
				CLANG_WARN_NON_LITERAL_NULL_CONVERSION = YES;
				CLANG_WARN_OBJC_IMPLICIT_RETAIN_SELF = YES;
				CLANG_WARN_OBJC_LITERAL_CONVERSION = YES;
				CLANG_WARN_OBJC_ROOT_CLASS = YES_ERROR;
				CLANG_WARN_QUOTED_INCLUDE_IN_FRAMEWORK_HEADER = YES;
				CLANG_WARN_RANGE_LOOP_ANALYSIS = YES;
				CLANG_WARN_STRICT_PROTOTYPES = YES;
				CLANG_WARN_SUSPICIOUS_MOVE = YES;
				CLANG_WARN_UNGUARDED_AVAILABILITY = YES_AGGRESSIVE;
				CLANG_WARN_UNREACHABLE_CODE = YES;
				CLANG_WARN__DUPLICATE_METHOD_MATCH = YES;
				COPY_PHASE_STRIP = NO;
				DEBUG_INFORMATION_FORMAT = "dwarf-with-dsym";
				ENABLE_NS_ASSERTIONS = NO;
				ENABLE_STRICT_OBJC_MSGSEND = YES;
				ENABLE_USER_SCRIPT_SANDBOXING = YES;
				GCC_C_LANGUAGE_STANDARD = gnu17;
				GCC_NO_COMMON_BLOCKS = YES;
				GCC_WARN_64_TO_32_BIT_CONVERSION = YES;
				GCC_WARN_ABOUT_RETURN_TYPE = YES_ERROR;
				GCC_WARN_UNDECLARED_SELECTOR = YES;
				GCC_WARN_UNINITIALIZED_AUTOS = YES_AGGRESSIVE;
				GCC_WARN_UNUSED_FUNCTION = YES;
				GCC_WARN_UNUSED_VARIABLE = YES;
				IPHONEOS_DEPLOYMENT_TARGET = 18.2;
				LOCALIZATION_PREFERS_STRING_CATALOGS = YES;
				MTL_ENABLE_DEBUG_INFO = NO;
				MTL_FAST_MATH = YES;
				SDKROOT = iphoneos;
				SWIFT_COMPILATION_MODE = wholemodule;
				VALIDATE_PRODUCT = YES;
			};
			name = Release;
		};
		9EDC35FE2DA6FC6A008E97EF /* Debug */ = {
			isa = XCBuildConfiguration;
			buildSettings = {
				ASSETCATALOG_COMPILER_APPICON_NAME = AppIcon;
				ASSETCATALOG_COMPILER_GLOBAL_ACCENT_COLOR_NAME = AccentColor;
				CODE_SIGN_STYLE = Automatic;
				CURRENT_PROJECT_VERSION = 1;
				DEVELOPMENT_ASSET_PATHS = "\"TubeScoutDemo/Preview Content\"";
				ENABLE_PREVIEWS = YES;
				GENERATE_INFOPLIST_FILE = YES;
				INFOPLIST_KEY_UIApplicationSceneManifest_Generation = YES;
				INFOPLIST_KEY_UIApplicationSupportsIndirectInputEvents = YES;
				INFOPLIST_KEY_UILaunchScreen_Generation = YES;
				INFOPLIST_KEY_UISupportedInterfaceOrientations_iPad = "UIInterfaceOrientationPortrait UIInterfaceOrientationPortraitUpsideDown UIInterfaceOrientationLandscapeLeft UIInterfaceOrientationLandscapeRight";
				INFOPLIST_KEY_UISupportedInterfaceOrientations_iPhone = "UIInterfaceOrientationPortrait UIInterfaceOrientationLandscapeLeft UIInterfaceOrientationLandscapeRight";
				LD_RUNPATH_SEARCH_PATHS = (
					"$(inherited)",
					"@executable_path/Frameworks",
				);
				MARKETING_VERSION = 1.0;
				PRODUCT_BUNDLE_IDENTIFIER = edu.gvsu.cis.TubeScoutDemo;
				PRODUCT_NAME = "$(TARGET_NAME)";
				SWIFT_EMIT_LOC_STRINGS = YES;
				SWIFT_VERSION = 5.0;
				TARGETED_DEVICE_FAMILY = "1,2";
			};
			name = Debug;
		};
		9EDC35FF2DA6FC6A008E97EF /* Release */ = {
			isa = XCBuildConfiguration;
			buildSettings = {
				ASSETCATALOG_COMPILER_APPICON_NAME = AppIcon;
				ASSETCATALOG_COMPILER_GLOBAL_ACCENT_COLOR_NAME = AccentColor;
				CODE_SIGN_STYLE = Automatic;
				CURRENT_PROJECT_VERSION = 1;
				DEVELOPMENT_ASSET_PATHS = "\"TubeScoutDemo/Preview Content\"";
				ENABLE_PREVIEWS = YES;
				GENERATE_INFOPLIST_FILE = YES;
				INFOPLIST_KEY_UIApplicationSceneManifest_Generation = YES;
				INFOPLIST_KEY_UIApplicationSupportsIndirectInputEvents = YES;
				INFOPLIST_KEY_UILaunchScreen_Generation = YES;
				INFOPLIST_KEY_UISupportedInterfaceOrientations_iPad = "UIInterfaceOrientationPortrait UIInterfaceOrientationPortraitUpsideDown UIInterfaceOrientationLandscapeLeft UIInterfaceOrientationLandscapeRight";
				INFOPLIST_KEY_UISupportedInterfaceOrientations_iPhone = "UIInterfaceOrientationPortrait UIInterfaceOrientationLandscapeLeft UIInterfaceOrientationLandscapeRight";
				LD_RUNPATH_SEARCH_PATHS = (
					"$(inherited)",
					"@executable_path/Frameworks",
				);
				MARKETING_VERSION = 1.0;
				PRODUCT_BUNDLE_IDENTIFIER = edu.gvsu.cis.TubeScoutDemo;
				PRODUCT_NAME = "$(TARGET_NAME)";
				SWIFT_EMIT_LOC_STRINGS = YES;
				SWIFT_VERSION = 5.0;
				TARGETED_DEVICE_FAMILY = "1,2";
			};
			name = Release;
		};
		9EDC36012DA6FC6A008E97EF /* Debug */ = {
			isa = XCBuildConfiguration;
			buildSettings = {
				BUNDLE_LOADER = "$(TEST_HOST)";
				CODE_SIGN_STYLE = Automatic;
				CURRENT_PROJECT_VERSION = 1;
				GENERATE_INFOPLIST_FILE = YES;
				IPHONEOS_DEPLOYMENT_TARGET = 18.2;
				MARKETING_VERSION = 1.0;
				PRODUCT_BUNDLE_IDENTIFIER = edu.gvsu.cis.TubeScoutDemoTests;
				PRODUCT_NAME = "$(TARGET_NAME)";
				SWIFT_EMIT_LOC_STRINGS = NO;
				SWIFT_VERSION = 5.0;
				TARGETED_DEVICE_FAMILY = "1,2";
				TEST_HOST = "$(BUILT_PRODUCTS_DIR)/TubeScoutDemo.app/$(BUNDLE_EXECUTABLE_FOLDER_PATH)/TubeScoutDemo";
			};
			name = Debug;
		};
		9EDC36022DA6FC6A008E97EF /* Release */ = {
			isa = XCBuildConfiguration;
			buildSettings = {
				BUNDLE_LOADER = "$(TEST_HOST)";
				CODE_SIGN_STYLE = Automatic;
				CURRENT_PROJECT_VERSION = 1;
				GENERATE_INFOPLIST_FILE = YES;
				IPHONEOS_DEPLOYMENT_TARGET = 18.2;
				MARKETING_VERSION = 1.0;
				PRODUCT_BUNDLE_IDENTIFIER = edu.gvsu.cis.TubeScoutDemoTests;
				PRODUCT_NAME = "$(TARGET_NAME)";
				SWIFT_EMIT_LOC_STRINGS = NO;
				SWIFT_VERSION = 5.0;
				TARGETED_DEVICE_FAMILY = "1,2";
				TEST_HOST = "$(BUILT_PRODUCTS_DIR)/TubeScoutDemo.app/$(BUNDLE_EXECUTABLE_FOLDER_PATH)/TubeScoutDemo";
			};
			name = Release;
		};
		9EDC36042DA6FC6A008E97EF /* Debug */ = {
			isa = XCBuildConfiguration;
			buildSettings = {
				CODE_SIGN_STYLE = Automatic;
				CURRENT_PROJECT_VERSION = 1;
				GENERATE_INFOPLIST_FILE = YES;
				MARKETING_VERSION = 1.0;
				PRODUCT_BUNDLE_IDENTIFIER = edu.gvsu.cis.TubeScoutDemoUITests;
				PRODUCT_NAME = "$(TARGET_NAME)";
				SWIFT_EMIT_LOC_STRINGS = NO;
				SWIFT_VERSION = 5.0;
				TARGETED_DEVICE_FAMILY = "1,2";
				TEST_TARGET_NAME = TubeScoutDemo;
			};
			name = Debug;
		};
		9EDC36052DA6FC6A008E97EF /* Release */ = {
			isa = XCBuildConfiguration;
			buildSettings = {
				CODE_SIGN_STYLE = Automatic;
				CURRENT_PROJECT_VERSION = 1;
				GENERATE_INFOPLIST_FILE = YES;
				MARKETING_VERSION = 1.0;
				PRODUCT_BUNDLE_IDENTIFIER = edu.gvsu.cis.TubeScoutDemoUITests;
				PRODUCT_NAME = "$(TARGET_NAME)";
				SWIFT_EMIT_LOC_STRINGS = NO;
				SWIFT_VERSION = 5.0;
				TARGETED_DEVICE_FAMILY = "1,2";
				TEST_TARGET_NAME = TubeScoutDemo;
			};
			name = Release;
		};
/* End XCBuildConfiguration section */

/* Begin XCConfigurationList section */
		9EDC35D42DA6FC59008E97EF /* Build configuration list for PBXProject "TubeScoutDemo" */ = {
			isa = XCConfigurationList;
			buildConfigurations = (
				9EDC35FB2DA6FC6A008E97EF /* Debug */,
				9EDC35FC2DA6FC6A008E97EF /* Release */,
			);
			defaultConfigurationIsVisible = 0;
			defaultConfigurationName = Release;
		};
		9EDC35FD2DA6FC6A008E97EF /* Build configuration list for PBXNativeTarget "TubeScoutDemo" */ = {
			isa = XCConfigurationList;
			buildConfigurations = (
				9EDC35FE2DA6FC6A008E97EF /* Debug */,
				9EDC35FF2DA6FC6A008E97EF /* Release */,
			);
			defaultConfigurationIsVisible = 0;
			defaultConfigurationName = Release;
		};
		9EDC36002DA6FC6A008E97EF /* Build configuration list for PBXNativeTarget "TubeScoutDemoTests" */ = {
			isa = XCConfigurationList;
			buildConfigurations = (
				9EDC36012DA6FC6A008E97EF /* Debug */,
				9EDC36022DA6FC6A008E97EF /* Release */,
			);
			defaultConfigurationIsVisible = 0;
			defaultConfigurationName = Release;
		};
		9EDC36032DA6FC6A008E97EF /* Build configuration list for PBXNativeTarget "TubeScoutDemoUITests" */ = {
			isa = XCConfigurationList;
			buildConfigurations = (
				9EDC36042DA6FC6A008E97EF /* Debug */,
				9EDC36052DA6FC6A008E97EF /* Release */,
			);
			defaultConfigurationIsVisible = 0;
			defaultConfigurationName = Release;
		};
/* End XCConfigurationList section */
	};
	rootObject = 9EDC35D12DA6FC59008E97EF /* Project object */;
}
